github.com/google/go-cmp v0.2.0/go.mod h1:oXzfMopK8JAjlY9xF4vHSVASa0yLyX7SntLO5aqRK0M=
github.com/superwhiskers/crunch v3.3.1+incompatible h1:fWcZJXpCJUeiQreQ4Udu7h95YB3Q7bGkMfqCauUKE44=
github.com/superwhiskers/crunch/v3 v3.3.1 h1:1j4MgfrcKD2brBXpH7zv9LM6cjvd9kXmBkZLN/ev1pw=
github.com/superwhiskers/crunch/v3 v3.3.1/go.mod h1:QPnRT1vnbestoz2cCUYg7+yN9x9e9VRJDZi90pdTAIA=
